
Microsoft Visual Studio Solution File, Format Version 12.00
# Visual Studio Version 16
VisualStudioVersion = 16.0.30907.101
MinimumVisualStudioVersion = 10.0.40219.1
Project("{9A19103F-16F7-4668-BE54-9A1E7A4F7556}") = "EscapeMines", "EscapeMines\EscapeMines.csproj", "{C1EBC7F0-DD4F-4BE4-8292-5FAE4818C260}"
EndProject
Project("{FAE04EC0-301F-11D3-BF4B-00C04F79EFBC}") = "EscapeMinesTests", "EscapeMinesTests\EscapeMinesTests.csproj", "{17DEBFD4-7EE9-4234-AA2D-09E1506F01D2}"
EndProject
Global
	GlobalSection(SolutionConfigurationPlatforms) = preSolution
		Debug|Any CPU = Debug|Any CPU
		Release|Any CPU = Release|Any CPU
	EndGlobalSection
	GlobalSection(ProjectConfigurationPlatforms) = postSolution
		{C1EBC7F0-DD4F-4BE4-8292-5FAE4818C260}.Debug|Any CPU.ActiveCfg = Debug|Any CPU
		{C1EBC7F0-DD4F-4BE4-8292-5FAE4818C260}.Debug|Any CPU.Build.0 = Debug|Any CPU
		{C1EBC7F0-DD4F-4BE4-8292-5FAE4818C260}.Release|Any CPU.ActiveCfg = Release|Any CPU
		{C1EBC7F0-DD4F-4BE4-8292-5FAE4818C260}.Release|Any CPU.Build.0 = Release|Any CPU
		{17DEBFD4-7EE9-4234-AA2D-09E1506F01D2}.Debug|Any CPU.ActiveCfg = Debug|Any CPU
		{17DEBFD4-7EE9-4234-AA2D-09E1506F01D2}.Debug|Any CPU.Build.0 = Debug|Any CPU
		{17DEBFD4-7EE9-4234-AA2D-09E1506F01D2}.Release|Any CPU.ActiveCfg = Release|Any CPU
		{17DEBFD4-7EE9-4234-AA2D-09E1506F01D2}.Release|Any CPU.Build.0 = Release|Any CPU
	EndGlobalSection
	GlobalSection(SolutionProperties) = preSolution
		HideSolutionNode = FALSE
	EndGlobalSection
	GlobalSection(ExtensibilityGlobals) = postSolution
		SolutionGuid = {3DF09C7D-9320-45C7-A0C4-FEC648F60D38}
	EndGlobalSection
EndGlobal
